{
    "requires": true,
    "lockfileVersion": 1,
    "dependencies": {
        "chart.js": {
            "version": "3.5.1",
            "resolved": "https://registry.npmjs.org/chart.js/-/chart.js-3.5.1.tgz",
            "integrity": "sha512-m5kzt72I1WQ9LILwQC4syla/LD/N413RYv2Dx2nnTkRS9iv/ey1xLTt0DnPc/eWV4zI+BgEgDYBIzbQhZHc/PQ=="
        },
        "datatables.net": {
            "version": "1.11.1",
            "resolved": "https://registry.npmjs.org/datatables.net/-/datatables.net-1.11.1.tgz",
            "integrity": "sha512-EBnYdMmYlLpnbxDs+JV27OlFMZYSAOUUFca6VB8Mq7HmK6ippXqxicLv8GTI9tDZ4puWuD39M9FcpTdQplPYzQ==",
            "requires": {
                "jquery": ">=1.7"
            }
        },
        "datatables.net-dt": {
            "version": "1.11.1",
            "resolved": "https://registry.npmjs.org/datatables.net-dt/-/datatables.net-dt-1.11.1.tgz",
            "integrity": "sha512-BjNKZAZ+N/K9Pv2SSlHYiG3JNx2Roqx/WGhTI4I9GXs/vcW9NESfQuNcw4KzwFKj5TSh5kVn2Frn3yxVHabNUw==",
            "requires": {
                "datatables.net": ">=1.10.25",
                "jquery": ">=1.7"
            }
        },
        "jquery": {
            "version": "3.6.0",
            "resolved": "https://registry.npmjs.org/jquery/-/jquery-3.6.0.tgz",
            "integrity": "sha512-JVzAR/AjBvVt2BmYhxRCSYysDsPcssdmTFnzyLEts9qNwmjmu4JTAMYubEfwVOSwpQ1I1sKKFcxhZCI2buerfw=="
        }
    }
}
